
Microsoft Visual Studio Solution File, Format Version 12.00
# Visual Studio 15
VisualStudioVersion = 15.0.28010.2046
MinimumVisualStudioVersion = 10.0.40219.1
Project("{FAE04EC0-301F-11D3-BF4B-00C04F79EFBC}") = "Main", "Main\Main.csproj", "{F17DFA01-6DFE-4529-950A-F5E29647E445}"
EndProject
Global
	GlobalSection(SolutionConfigurationPlatforms) = preSolution
		Debug|Any CPU = Debug|Any CPU
		Release|Any CPU = Release|Any CPU
	EndGlobalSection
	GlobalSection(ProjectConfigurationPlatforms) = postSolution
		{F17DFA01-6DFE-4529-950A-F5E29647E445}.Debug|Any CPU.ActiveCfg = Debug|Any CPU
		{F17DFA01-6DFE-4529-950A-F5E29647E445}.Debug|Any CPU.Build.0 = Debug|Any CPU
		{F17DFA01-6DFE-4529-950A-F5E29647E445}.Release|Any CPU.ActiveCfg = Release|Any CPU
		{F17DFA01-6DFE-4529-950A-F5E29647E445}.Release|Any CPU.Build.0 = Release|Any CPU
	EndGlobalSection
	GlobalSection(SolutionProperties) = preSolution
		HideSolutionNode = FALSE
	EndGlobalSection
	GlobalSection(ExtensibilityGlobals) = postSolution
		SolutionGuid = {B2ED35D5-3AB9-4914-8EC6-DCAF04DC6B1E}
	EndGlobalSection
EndGlobal
